
Microsoft Visual Studio Solution File, Format Version 12.00
# Visual Studio Version 16
VisualStudioVersion = 16.0.30309.148
MinimumVisualStudioVersion = 10.0.40219.1
Project("{FAE04EC0-301F-11D3-BF4B-00C04F79EFBC}") = "Demo", "Demo\Demo.csproj", "{26635B2C-C8CC-4BEF-9AE3-0A4DC45AC6AF}"
EndProject
Project("{FAE04EC0-301F-11D3-BF4B-00C04F79EFBC}") = "NGame.Core", "NGame.Core\NGame.Core.csproj", "{DFCAA0D2-817E-49F7-B54E-F5FD424C9E2A}"
EndProject
Project("{FAE04EC0-301F-11D3-BF4B-00C04F79EFBC}") = "NGame.RPC", "NGame.RPC\NGame.RPC.csproj", "{268272EF-7E2B-4521-AC3C-6923B80CCF25}"
EndProject
Project("{FAE04EC0-301F-11D3-BF4B-00C04F79EFBC}") = "NGame.Sql", "NGame.Sql\NGame.Sql.csproj", "{14CE7806-C4AA-448F-A02B-5B6ADB981DD6}"
EndProject
Project("{FAE04EC0-301F-11D3-BF4B-00C04F79EFBC}") = "Dispatcher", "Dispatcher\Dispatcher.csproj", "{B6B9B1DD-D95F-4EFD-9C96-1F0F5DA47C23}"
EndProject
Global
	GlobalSection(SolutionConfigurationPlatforms) = preSolution
		Debug|Any CPU = Debug|Any CPU
		Release|Any CPU = Release|Any CPU
	EndGlobalSection
	GlobalSection(ProjectConfigurationPlatforms) = postSolution
		{26635B2C-C8CC-4BEF-9AE3-0A4DC45AC6AF}.Debug|Any CPU.ActiveCfg = Debug|Any CPU
		{26635B2C-C8CC-4BEF-9AE3-0A4DC45AC6AF}.Debug|Any CPU.Build.0 = Debug|Any CPU
		{26635B2C-C8CC-4BEF-9AE3-0A4DC45AC6AF}.Release|Any CPU.ActiveCfg = Release|Any CPU
		{26635B2C-C8CC-4BEF-9AE3-0A4DC45AC6AF}.Release|Any CPU.Build.0 = Release|Any CPU
		{DFCAA0D2-817E-49F7-B54E-F5FD424C9E2A}.Debug|Any CPU.ActiveCfg = Debug|Any CPU
		{DFCAA0D2-817E-49F7-B54E-F5FD424C9E2A}.Debug|Any CPU.Build.0 = Debug|Any CPU
		{DFCAA0D2-817E-49F7-B54E-F5FD424C9E2A}.Release|Any CPU.ActiveCfg = Release|Any CPU
		{DFCAA0D2-817E-49F7-B54E-F5FD424C9E2A}.Release|Any CPU.Build.0 = Release|Any CPU
		{268272EF-7E2B-4521-AC3C-6923B80CCF25}.Debug|Any CPU.ActiveCfg = Debug|Any CPU
		{268272EF-7E2B-4521-AC3C-6923B80CCF25}.Debug|Any CPU.Build.0 = Debug|Any CPU
		{268272EF-7E2B-4521-AC3C-6923B80CCF25}.Release|Any CPU.ActiveCfg = Release|Any CPU
		{268272EF-7E2B-4521-AC3C-6923B80CCF25}.Release|Any CPU.Build.0 = Release|Any CPU
		{14CE7806-C4AA-448F-A02B-5B6ADB981DD6}.Debug|Any CPU.ActiveCfg = Debug|Any CPU
		{14CE7806-C4AA-448F-A02B-5B6ADB981DD6}.Debug|Any CPU.Build.0 = Debug|Any CPU
		{14CE7806-C4AA-448F-A02B-5B6ADB981DD6}.Release|Any CPU.ActiveCfg = Release|Any CPU
		{14CE7806-C4AA-448F-A02B-5B6ADB981DD6}.Release|Any CPU.Build.0 = Release|Any CPU
		{B6B9B1DD-D95F-4EFD-9C96-1F0F5DA47C23}.Debug|Any CPU.ActiveCfg = Debug|Any CPU
		{B6B9B1DD-D95F-4EFD-9C96-1F0F5DA47C23}.Debug|Any CPU.Build.0 = Debug|Any CPU
		{B6B9B1DD-D95F-4EFD-9C96-1F0F5DA47C23}.Release|Any CPU.ActiveCfg = Release|Any CPU
		{B6B9B1DD-D95F-4EFD-9C96-1F0F5DA47C23}.Release|Any CPU.Build.0 = Release|Any CPU
	EndGlobalSection
	GlobalSection(SolutionProperties) = preSolution
		HideSolutionNode = FALSE
	EndGlobalSection
	GlobalSection(ExtensibilityGlobals) = postSolution
		SolutionGuid = {D206B205-C172-48CD-83D3-B134CED1D96A}
	EndGlobalSection
EndGlobal
