
Microsoft Visual Studio Solution File, Format Version 12.00
# Visual Studio Version 16
VisualStudioVersion = 16.0.30309.148
MinimumVisualStudioVersion = 10.0.40219.1
Project("{FAE04EC0-301F-11D3-BF4B-00C04F79EFBC}") = "Demo", "Demo\Demo.csproj", "{26635B2C-C8CC-4BEF-9AE3-0A4DC45AC6AF}"
EndProject
Project("{FAE04EC0-301F-11D3-BF4B-00C04F79EFBC}") = "NGame", "NGame\NGame.csproj", "{DFCAA0D2-817E-49F7-B54E-F5FD424C9E2A}"
EndProject
Project("{FAE04EC0-301F-11D3-BF4B-00C04F79EFBC}") = "NGame.Dispatcher", "Dispatcher\NGame.Dispatcher.csproj", "{B6B9B1DD-D95F-4EFD-9C96-1F0F5DA47C23}"
EndProject
Project("{FAE04EC0-301F-11D3-BF4B-00C04F79EFBC}") = "NGame.SqlServer", "NGame.SqlServer\NGame.SqlServer.csproj", "{B06467D5-B1EC-4958-B081-914F4DCE817B}"
EndProject
Global
	GlobalSection(SolutionConfigurationPlatforms) = preSolution
		Debug|Any CPU = Debug|Any CPU
		Release|Any CPU = Release|Any CPU
	EndGlobalSection
	GlobalSection(ProjectConfigurationPlatforms) = postSolution
		{26635B2C-C8CC-4BEF-9AE3-0A4DC45AC6AF}.Debug|Any CPU.ActiveCfg = Debug|Any CPU
		{26635B2C-C8CC-4BEF-9AE3-0A4DC45AC6AF}.Debug|Any CPU.Build.0 = Debug|Any CPU
		{26635B2C-C8CC-4BEF-9AE3-0A4DC45AC6AF}.Release|Any CPU.ActiveCfg = Release|Any CPU
		{26635B2C-C8CC-4BEF-9AE3-0A4DC45AC6AF}.Release|Any CPU.Build.0 = Release|Any CPU
		{DFCAA0D2-817E-49F7-B54E-F5FD424C9E2A}.Debug|Any CPU.ActiveCfg = Debug|Any CPU
		{DFCAA0D2-817E-49F7-B54E-F5FD424C9E2A}.Debug|Any CPU.Build.0 = Debug|Any CPU
		{DFCAA0D2-817E-49F7-B54E-F5FD424C9E2A}.Release|Any CPU.ActiveCfg = Release|Any CPU
		{DFCAA0D2-817E-49F7-B54E-F5FD424C9E2A}.Release|Any CPU.Build.0 = Release|Any CPU
		{B6B9B1DD-D95F-4EFD-9C96-1F0F5DA47C23}.Debug|Any CPU.ActiveCfg = Debug|Any CPU
		{B6B9B1DD-D95F-4EFD-9C96-1F0F5DA47C23}.Debug|Any CPU.Build.0 = Debug|Any CPU
		{B6B9B1DD-D95F-4EFD-9C96-1F0F5DA47C23}.Release|Any CPU.ActiveCfg = Release|Any CPU
		{B6B9B1DD-D95F-4EFD-9C96-1F0F5DA47C23}.Release|Any CPU.Build.0 = Release|Any CPU
		{B06467D5-B1EC-4958-B081-914F4DCE817B}.Debug|Any CPU.ActiveCfg = Debug|Any CPU
		{B06467D5-B1EC-4958-B081-914F4DCE817B}.Debug|Any CPU.Build.0 = Debug|Any CPU
		{B06467D5-B1EC-4958-B081-914F4DCE817B}.Release|Any CPU.ActiveCfg = Release|Any CPU
		{B06467D5-B1EC-4958-B081-914F4DCE817B}.Release|Any CPU.Build.0 = Release|Any CPU
	EndGlobalSection
	GlobalSection(SolutionProperties) = preSolution
		HideSolutionNode = FALSE
	EndGlobalSection
	GlobalSection(ExtensibilityGlobals) = postSolution
		SolutionGuid = {D206B205-C172-48CD-83D3-B134CED1D96A}
	EndGlobalSection
EndGlobal
